
Microsoft Visual Studio Solution File, Format Version 12.00
# Visual Studio Version 16
VisualStudioVersion = 16.0.32413.511
MinimumVisualStudioVersion = 10.0.40219.1
Project("{FAE04EC0-301F-11D3-BF4B-00C04F79EFBC}") = "HighShopping", "HighShopping\HighShopping.csproj", "{A28BA584-23EC-4B2B-89DE-8485FE12D9CA}"
EndProject
Global
	GlobalSection(SolutionConfigurationPlatforms) = preSolution
		Debug|Any CPU = Debug|Any CPU
		Release|Any CPU = Release|Any CPU
	EndGlobalSection
	GlobalSection(ProjectConfigurationPlatforms) = postSolution
		{A28BA584-23EC-4B2B-89DE-8485FE12D9CA}.Debug|Any CPU.ActiveCfg = Debug|Any CPU
		{A28BA584-23EC-4B2B-89DE-8485FE12D9CA}.Debug|Any CPU.Build.0 = Debug|Any CPU
		{A28BA584-23EC-4B2B-89DE-8485FE12D9CA}.Release|Any CPU.ActiveCfg = Release|Any CPU
		{A28BA584-23EC-4B2B-89DE-8485FE12D9CA}.Release|Any CPU.Build.0 = Release|Any CPU
	EndGlobalSection
	GlobalSection(SolutionProperties) = preSolution
		HideSolutionNode = FALSE
	EndGlobalSection
	GlobalSection(ExtensibilityGlobals) = postSolution
		SolutionGuid = {577F5C19-3CD9-4C88-A7E4-5595F325DBAE}
	EndGlobalSection
EndGlobal
